<?xml version="1.0" encoding="utf-8"?>
<Project ToolsVersion="4.0" xmlns="http://schemas.microsoft.com/developer/msbuild/2003">
  <ItemGroup>
    <Filter Include="Source Files">
      <UniqueIdentifier>{4FC737F1-C7A5-4376-A066-2A32D752A2FF}</UniqueIdentifier>
      <Extensions>cpp;c;cc;cxx;c++;cppm;ixx;def;odl;idl;hpj;bat;asm;asmx</Extensions>
    </Filter>
    <Filter Include="Source Files\Entity">
      <UniqueIdentifier>{bb7d074c-b56d-49c7-bf51-c25186f24194}</UniqueIdentifier>
    </Filter>
    <Filter Include="Source Files\State">
      <UniqueIdentifier>{1590a40a-e79f-43e1-920b-cf76a77979c5}</UniqueIdentifier>
    </Filter>
    <Filter Include="Source Files\Message">
      <UniqueIdentifier>{128520ba-ac6a-4c6f-9fb8-df55dcec2b76}</UniqueIdentifier>
    </Filter>
    <Filter Include="Source Files\Utility">
      <UniqueIdentifier>{bbf232aa-cb44-45a6-ad21-23726a751cfb}</UniqueIdentifier>
    </Filter>
  </ItemGroup>
  <ItemGroup>
    <ClCompile Include="Main.cpp">
      <Filter>Source Files</Filter>
    </ClCompile>
    <ClCompile Include="BaseEntity.cpp">
      <Filter>Source Files\Entity</Filter>
    </ClCompile>
    <ClCompile Include="Housewife.cpp">
      <Filter>Source Files\Entity</Filter>
    </ClCompile>
    <ClCompile Include="Miner.cpp">
      <Filter>Source Files\Entity</Filter>
    </ClCompile>
    <ClCompile Include="MinerStates.cpp">
      <Filter>Source Files\State</Filter>
    </ClCompile>
    <ClCompile Include="HousewifeStates.cpp">
      <Filter>Source Files\State</Filter>
    </ClCompile>
    <ClCompile Include="EntityManager.cpp">
      <Filter>Source Files\Entity</Filter>
    </ClCompile>
    <ClCompile Include="MessageDispatcher.cpp">
      <Filter>Source Files\Message</Filter>
    </ClCompile>
    <ClCompile Include="Log.cpp">
      <Filter>Source Files\Utility</Filter>
    </ClCompile>
    <ClCompile Include="Random.cpp">
      <Filter>Source Files\Utility</Filter>
    </ClCompile>
    <ClCompile Include="CrudeTimer.cpp">
      <Filter>Source Files\Utility</Filter>
    </ClCompile>
    <ClCompile Include="Doctor.cpp">
      <Filter>Source Files\Entity</Filter>
    </ClCompile>
    <ClCompile Include="DoctorStates.cpp">
      <Filter>Source Files\State</Filter>
    </ClCompile>
    <ClCompile Include="Teller.cpp">
      <Filter>Source Files\Entity</Filter>
    </ClCompile>
    <ClCompile Include="TellerStates.cpp">
      <Filter>Source Files\State</Filter>
    </ClCompile>
    <ClCompile Include="Barkeeper.cpp">
      <Filter>Source Files\Entity</Filter>
    </ClCompile>
    <ClCompile Include="BarkeeperStates.cpp">
      <Filter>Source Files\State</Filter>
    </ClCompile>
  </ItemGroup>
  <ItemGroup>
    <ClInclude Include="BaseEntity.h">
      <Filter>Source Files\Entity</Filter>
    </ClInclude>
    <ClInclude Include="Miner.h">
      <Filter>Source Files\Entity</Filter>
    </ClInclude>
    <ClInclude Include="Housewife.h">
      <Filter>Source Files\Entity</Filter>
    </ClInclude>
    <ClInclude Include="MinerStates.h">
      <Filter>Source Files\State</Filter>
    </ClInclude>
    <ClInclude Include="State.h">
      <Filter>Source Files\State</Filter>
    </ClInclude>
    <ClInclude Include="StateMachine.h">
      <Filter>Source Files\State</Filter>
    </ClInclude>
    <ClInclude Include="HousewifeStates.h">
      <Filter>Source Files\State</Filter>
    </ClInclude>
    <ClInclude Include="Telegram.h">
      <Filter>Source Files\Message</Filter>
    </ClInclude>
    <ClInclude Include="MessageTypes.h">
      <Filter>Source Files\Message</Filter>
    </ClInclude>
    <ClInclude Include="EntityManager.h">
      <Filter>Source Files\Entity</Filter>
    </ClInclude>
    <ClInclude Include="MessageDispatcher.h">
      <Filter>Source Files\Message</Filter>
    </ClInclude>
    <ClInclude Include="Log.h">
      <Filter>Source Files\Utility</Filter>
    </ClInclude>
    <ClInclude Include="Random.h">
      <Filter>Source Files\Utility</Filter>
    </ClInclude>
    <ClInclude Include="CrudeTimer.h">
      <Filter>Source Files\Utility</Filter>
    </ClInclude>
    <ClInclude Include="Doctor.h">
      <Filter>Source Files\Entity</Filter>
    </ClInclude>
    <ClInclude Include="DoctorStates.h">
      <Filter>Source Files\State</Filter>
    </ClInclude>
    <ClInclude Include="Teller.h">
      <Filter>Source Files\Entity</Filter>
    </ClInclude>
    <ClInclude Include="TellerStates.h">
      <Filter>Source Files\State</Filter>
    </ClInclude>
    <ClInclude Include="Barkeeper.h">
      <Filter>Source Files\Entity</Filter>
    </ClInclude>
    <ClInclude Include="BarkeeperStates.h">
      <Filter>Source Files\State</Filter>
    </ClInclude>
  </ItemGroup>
</Project>